
Microsoft Visual Studio Solution File, Format Version 12.00
# Visual Studio Version 17
VisualStudioVersion = 17.9.34714.143
MinimumVisualStudioVersion = 10.0.40219.1
Project("{FAE04EC0-301F-11D3-BF4B-00C04F79EFBC}") = "OXGame", "OXGame.csproj", "{74952456-1CA8-4A4B-9A3C-D2AD0BCD9BD7}"
EndProject
Global
	GlobalSection(SolutionConfigurationPlatforms) = preSolution
		Debug|Any CPU = Debug|Any CPU
		Release|Any CPU = Release|Any CPU
	EndGlobalSection
	GlobalSection(ProjectConfigurationPlatforms) = postSolution
		{74952456-1CA8-4A4B-9A3C-D2AD0BCD9BD7}.Debug|Any CPU.ActiveCfg = Debug|Any CPU
		{74952456-1CA8-4A4B-9A3C-D2AD0BCD9BD7}.Debug|Any CPU.Build.0 = Debug|Any CPU
		{74952456-1CA8-4A4B-9A3C-D2AD0BCD9BD7}.Release|Any CPU.ActiveCfg = Release|Any CPU
		{74952456-1CA8-4A4B-9A3C-D2AD0BCD9BD7}.Release|Any CPU.Build.0 = Release|Any CPU
	EndGlobalSection
	GlobalSection(SolutionProperties) = preSolution
		HideSolutionNode = FALSE
	EndGlobalSection
	GlobalSection(ExtensibilityGlobals) = postSolution
		SolutionGuid = {C79A5969-94CA-4041-8EA2-A1C66B4AD9E8}
	EndGlobalSection
EndGlobal
